{
  "nodes": {
    "flake-compat": {
      "locked": {
        "lastModified": 1688025799,
        "narHash": "sha256-ktpB4dRtnksm9F5WawoIkEneh1nrEvuxb5lJFt1iOyw=",
        "owner": "nix-community",
        "repo": "flake-compat",
        "rev": "8bf105319d44f6b9f0d764efa4fdef9f1cc9ba1c",
        "type": "github"
      },
      "original": {
        "owner": "nix-community",
        "repo": "flake-compat",
        "type": "github"
      }
    },
    "flake-compat_2": {
      "flake": false,
      "locked": {
        "lastModified": 1673956053,
        "narHash": "sha256-4gtG9iQuiKITOjNQQeQIpoIB6b16fm+504Ch3sNKLd8=",
        "owner": "edolstra",
        "repo": "flake-compat",
        "rev": "35bb57c0c8d8b62bbfd284272c928ceb64ddbde9",
        "type": "github"
      },
      "original": {
        "owner": "edolstra",
        "repo": "flake-compat",
        "type": "github"
      }
    },
    "flake-parts": {
      "inputs": {
        "nixpkgs-lib": "nixpkgs-lib"
      },
      "locked": {
        "lastModified": 1696343447,
        "narHash": "sha256-B2xAZKLkkeRFG5XcHHSXXcP7To9Xzr59KXeZiRf4vdQ=",
        "owner": "hercules-ci",
        "repo": "flake-parts",
        "rev": "c9afaba3dfa4085dbd2ccb38dfade5141e33d9d4",
        "type": "github"
      },
      "original": {
        "id": "flake-parts",
        "type": "indirect"
      }
    },
    "flake-parts_2": {
      "inputs": {
        "nixpkgs-lib": "nixpkgs-lib_2"
      },
      "locked": {
        "lastModified": 1696343447,
        "narHash": "sha256-B2xAZKLkkeRFG5XcHHSXXcP7To9Xzr59KXeZiRf4vdQ=",
        "owner": "hercules-ci",
        "repo": "flake-parts",
        "rev": "c9afaba3dfa4085dbd2ccb38dfade5141e33d9d4",
        "type": "github"
      },
      "original": {
        "id": "flake-parts",
        "type": "indirect"
      }
    },
    "flake-parts_3": {
      "inputs": {
        "nixpkgs-lib": "nixpkgs-lib_3"
      },
      "locked": {
        "lastModified": 1696343447,
        "narHash": "sha256-B2xAZKLkkeRFG5XcHHSXXcP7To9Xzr59KXeZiRf4vdQ=",
        "owner": "hercules-ci",
        "repo": "flake-parts",
        "rev": "c9afaba3dfa4085dbd2ccb38dfade5141e33d9d4",
        "type": "github"
      },
      "original": {
        "id": "flake-parts",
        "type": "indirect"
      }
    },
    "flake-schemas": {
      "locked": {
        "lastModified": 1693615523,
        "narHash": "sha256-LeyH24etXCxNJviWptyLy2DPT9xt+oOs/zE66To1iPY=",
        "owner": "DeterminateSystems",
        "repo": "flake-schemas",
        "rev": "8940e872c4f8c7cd7d0a1ec169fa0a24697b1f1c",
        "type": "github"
      },
      "original": {
        "owner": "DeterminateSystems",
        "repo": "flake-schemas",
        "type": "github"
      }
    },
    "nix-phps": {
      "inputs": {
        "flake-compat": "flake-compat_2",
        "nixpkgs": "nixpkgs",
        "utils": "utils"
      },
      "locked": {
        "lastModified": 1696146809,
        "narHash": "sha256-+VjRYETjJn/ibiZtnCTf719dYzTdu0ehOIlu2TfxSJI=",
        "owner": "fossar",
        "repo": "nix-phps",
        "rev": "305a8f56fa39a18db59e9dd3c2e8f1c9e0932feb",
        "type": "github"
      },
      "original": {
        "owner": "fossar",
        "repo": "nix-phps",
        "type": "github"
      }
    },
    "nix-shell": {
      "inputs": {
        "flake-compat": "flake-compat",
        "flake-parts": "flake-parts_2",
        "flake-schemas": "flake-schemas",
        "nix-phps": "nix-phps",
        "nixpkgs": "nixpkgs_2",
        "php-src-nix": "php-src-nix",
        "systems": "systems_3"
      },
      "locked": {
        "dirtyRev": "8e3018e756e94ba17d136f3003680ca28377adae-dirty",
        "dirtyShortRev": "8e3018e-dirty",
        "lastModified": 1696691031,
        "narHash": "sha256-hrkG4Uuf2NL1VUaZQncu36p1t14Oqn2uwf3Eyol3fJc=",
        "type": "git",
        "url": "file:///home/pol/Code/loophp/nix-shell"
      },
      "original": {
        "type": "git",
        "url": "file:///home/pol/Code/loophp/nix-shell"
      }
    },
    "nixpkgs": {
      "locked": {
        "lastModified": 1695978539,
        "narHash": "sha256-lta5HToBZMWZ2hl5CautNSUgIZViR41QxN7JKbMAjgQ=",
        "owner": "NixOS",
        "repo": "nixpkgs",
        "rev": "bd9b686c0168041aea600222be0805a0de6e6ab8",
        "type": "github"
      },
      "original": {
        "owner": "NixOS",
        "ref": "nixpkgs-unstable",
        "repo": "nixpkgs",
        "type": "github"
      }
    },
    "nixpkgs-lib": {
      "locked": {
        "dir": "lib",
        "lastModified": 1696019113,
        "narHash": "sha256-X3+DKYWJm93DRSdC5M6K5hLqzSya9BjibtBsuARoPco=",
        "owner": "NixOS",
        "repo": "nixpkgs",
        "rev": "f5892ddac112a1e9b3612c39af1b72987ee5783a",
        "type": "github"
      },
      "original": {
        "dir": "lib",
        "owner": "NixOS",
        "ref": "nixos-unstable",
        "repo": "nixpkgs",
        "type": "github"
      }
    },
    "nixpkgs-lib_2": {
      "locked": {
        "dir": "lib",
        "lastModified": 1696019113,
        "narHash": "sha256-X3+DKYWJm93DRSdC5M6K5hLqzSya9BjibtBsuARoPco=",
        "owner": "NixOS",
        "repo": "nixpkgs",
        "rev": "f5892ddac112a1e9b3612c39af1b72987ee5783a",
        "type": "github"
      },
      "original": {
        "dir": "lib",
        "owner": "NixOS",
        "ref": "nixos-unstable",
        "repo": "nixpkgs",
        "type": "github"
      }
    },
    "nixpkgs-lib_3": {
      "locked": {
        "dir": "lib",
        "lastModified": 1696019113,
        "narHash": "sha256-X3+DKYWJm93DRSdC5M6K5hLqzSya9BjibtBsuARoPco=",
        "owner": "NixOS",
        "repo": "nixpkgs",
        "rev": "f5892ddac112a1e9b3612c39af1b72987ee5783a",
        "type": "github"
      },
      "original": {
        "dir": "lib",
        "owner": "NixOS",
        "ref": "nixos-unstable",
        "repo": "nixpkgs",
        "type": "github"
      }
    },
    "nixpkgs_2": {
      "locked": {
        "lastModified": 1696577711,
        "narHash": "sha256-94VRjvClIKDym1QRqPkX5LTQoAwZ1E6QE/3dWtOXSIQ=",
        "owner": "NixOS",
        "repo": "nixpkgs",
        "rev": "a2eb207f45e4a14a1e3019d9e3863d1e208e2295",
        "type": "github"
      },
      "original": {
        "owner": "NixOS",
        "ref": "nixpkgs-unstable",
        "repo": "nixpkgs",
        "type": "github"
      }
    },
    "nixpkgs_3": {
      "locked": {
        "lastModified": 1696375444,
        "narHash": "sha256-Sv0ICt/pXfpnFhTGYTsX6lUr1SljnuXWejYTI2ZqHa4=",
        "owner": "NixOS",
        "repo": "nixpkgs",
        "rev": "81e8f48ebdecf07aab321182011b067aafc78896",
        "type": "github"
      },
      "original": {
        "owner": "NixOS",
        "ref": "nixos-unstable",
        "repo": "nixpkgs",
        "type": "github"
      }
    },
    "nixpkgs_4": {
      "locked": {
        "lastModified": 1696604326,
        "narHash": "sha256-YXUNI0kLEcI5g8lqGMb0nh67fY9f2YoJsILafh6zlMo=",
        "owner": "NixOS",
        "repo": "nixpkgs",
        "rev": "87828a0e03d1418e848d3dd3f3014a632e4a4f64",
        "type": "github"
      },
      "original": {
        "owner": "NixOS",
        "ref": "nixos-unstable",
        "repo": "nixpkgs",
        "type": "github"
      }
    },
    "php-active": {
      "flake": false,
      "locked": {
        "narHash": "sha256-7ISUiJjiPCu0yx/e+xcJMPskpDYl1bO9eum6cPkjnB8=",
        "type": "file",
        "url": "https://www.php.net/releases/active"
      },
      "original": {
        "type": "file",
        "url": "https://www.php.net/releases/active"
      }
    },
    "php-src-81": {
      "flake": false,
      "locked": {
        "lastModified": 1696607370,
        "narHash": "sha256-IE8wlrqqFgZ4ZJMmY824G+dxO8hbh4n3cXUsJduj1a8=",
        "owner": "php",
        "repo": "php-src",
        "rev": "f6ac08c6a3271507341de4b0689307ddb83435a7",
        "type": "github"
      },
      "original": {
        "owner": "php",
        "ref": "PHP-8.1",
        "repo": "php-src",
        "type": "github"
      }
    },
    "php-src-82": {
      "flake": false,
      "locked": {
        "lastModified": 1696607413,
        "narHash": "sha256-6HDFBai3hpo+zagcxlQQ5YlfefpsrxHib6hl1wjhYtE=",
        "owner": "php",
        "repo": "php-src",
        "rev": "a1845944cedc1c13b8dc10c2174762e68015e51e",
        "type": "github"
      },
      "original": {
        "owner": "php",
        "ref": "PHP-8.2",
        "repo": "php-src",
        "type": "github"
      }
    },
    "php-src-83": {
      "flake": false,
      "locked": {
        "lastModified": 1696607498,
        "narHash": "sha256-XOqoUox6M1ik/CLAoixJbVsqxE37WzOvb6x3AGcE6cQ=",
        "owner": "php",
        "repo": "php-src",
        "rev": "7c41509e2658d6dfe02dcab9a100fe10e3ad5f8e",
        "type": "github"
      },
      "original": {
        "owner": "php",
        "ref": "PHP-8.3",
        "repo": "php-src",
        "type": "github"
      }
    },
    "php-src-master": {
      "flake": false,
      "locked": {
        "lastModified": 1696614314,
        "narHash": "sha256-l53QmWFir3BQTeN3ZBLMok1+xwVUdDFt0LM0HU0pOuo=",
        "owner": "php",
        "repo": "php-src",
        "rev": "72cac396989c083958e2bed021c7b7591c9d2d2e",
        "type": "github"
      },
      "original": {
        "owner": "php",
        "ref": "master",
        "repo": "php-src",
        "type": "github"
      }
    },
    "php-src-nix": {
      "inputs": {
        "flake-parts": "flake-parts_3",
        "nixpkgs": "nixpkgs_3",
        "php-active": "php-active",
        "php-src-81": "php-src-81",
        "php-src-82": "php-src-82",
        "php-src-83": "php-src-83",
        "php-src-master": "php-src-master",
        "systems": "systems_2"
      },
      "locked": {
        "lastModified": 1696660356,
        "narHash": "sha256-+jQtFOnRE70J++2Z+y/FXKKX5y5rVLDxnuw++7LfcqU=",
        "owner": "loophp",
        "repo": "php-src-nix",
        "rev": "d18beaf15d003ffab25deb791a1d9f081e3e9aff",
        "type": "github"
      },
      "original": {
        "owner": "loophp",
        "repo": "php-src-nix",
        "type": "github"
      }
    },
    "root": {
      "inputs": {
        "flake-parts": "flake-parts",
        "nix-shell": "nix-shell",
        "nixpkgs": "nixpkgs_4",
        "systems": "systems_4"
      }
    },
    "systems": {
      "locked": {
        "lastModified": 1681028828,
        "narHash": "sha256-Vy1rq5AaRuLzOxct8nz4T6wlgyUR7zLU309k9mBC768=",
        "owner": "nix-systems",
        "repo": "default",
        "rev": "da67096a3b9bf56a91d16901293e51ba5b49a27e",
        "type": "github"
      },
      "original": {
        "owner": "nix-systems",
        "repo": "default",
        "type": "github"
      }
    },
    "systems_2": {
      "locked": {
        "lastModified": 1681028828,
        "narHash": "sha256-Vy1rq5AaRuLzOxct8nz4T6wlgyUR7zLU309k9mBC768=",
        "owner": "nix-systems",
        "repo": "default",
        "rev": "da67096a3b9bf56a91d16901293e51ba5b49a27e",
        "type": "github"
      },
      "original": {
        "owner": "nix-systems",
        "repo": "default",
        "type": "github"
      }
    },
    "systems_3": {
      "locked": {
        "lastModified": 1681028828,
        "narHash": "sha256-Vy1rq5AaRuLzOxct8nz4T6wlgyUR7zLU309k9mBC768=",
        "owner": "nix-systems",
        "repo": "default",
        "rev": "da67096a3b9bf56a91d16901293e51ba5b49a27e",
        "type": "github"
      },
      "original": {
        "owner": "nix-systems",
        "repo": "default",
        "type": "github"
      }
    },
    "systems_4": {
      "locked": {
        "lastModified": 1681028828,
        "narHash": "sha256-Vy1rq5AaRuLzOxct8nz4T6wlgyUR7zLU309k9mBC768=",
        "owner": "nix-systems",
        "repo": "default",
        "rev": "da67096a3b9bf56a91d16901293e51ba5b49a27e",
        "type": "github"
      },
      "original": {
        "owner": "nix-systems",
        "repo": "default",
        "type": "github"
      }
    },
    "utils": {
      "inputs": {
        "systems": "systems"
      },
      "locked": {
        "lastModified": 1694529238,
        "narHash": "sha256-zsNZZGTGnMOf9YpHKJqMSsa0dXbfmxeoJ7xHlrt+xmY=",
        "owner": "numtide",
        "repo": "flake-utils",
        "rev": "ff7b65b44d01cf9ba6a71320833626af21126384",
        "type": "github"
      },
      "original": {
        "owner": "numtide",
        "repo": "flake-utils",
        "type": "github"
      }
    }
  },
  "root": "root",
  "version": 7
}
